
Microsoft Visual Studio Solution File, Format Version 12.00
# Visual Studio Version 16
VisualStudioVersion = 16.0.30621.155
MinimumVisualStudioVersion = 10.0.40219.1
Project("{FAE04EC0-301F-11D3-BF4B-00C04F79EFBC}") = "VideoKallAPI", "VideoKallAPI\VideoKallAPI.csproj", "{BDCB45AA-9FB3-44E0-9FB6-92AA812D6A28}"
EndProject
Global
	GlobalSection(SolutionConfigurationPlatforms) = preSolution
		Debug|Any CPU = Debug|Any CPU
		Release|Any CPU = Release|Any CPU
	EndGlobalSection
	GlobalSection(ProjectConfigurationPlatforms) = postSolution
		{BDCB45AA-9FB3-44E0-9FB6-92AA812D6A28}.Debug|Any CPU.ActiveCfg = Debug|Any CPU
		{BDCB45AA-9FB3-44E0-9FB6-92AA812D6A28}.Debug|Any CPU.Build.0 = Debug|Any CPU
		{BDCB45AA-9FB3-44E0-9FB6-92AA812D6A28}.Release|Any CPU.ActiveCfg = Release|Any CPU
		{BDCB45AA-9FB3-44E0-9FB6-92AA812D6A28}.Release|Any CPU.Build.0 = Release|Any CPU
	EndGlobalSection
	GlobalSection(SolutionProperties) = preSolution
		HideSolutionNode = FALSE
	EndGlobalSection
	GlobalSection(ExtensibilityGlobals) = postSolution
		SolutionGuid = {B7146148-1DD3-4FB8-BC11-8584255776F6}
	EndGlobalSection
EndGlobal
